
Microsoft Visual Studio Solution File, Format Version 12.00
# Visual Studio Version 16
VisualStudioVersion = 16.0.30104.148
MinimumVisualStudioVersion = 10.0.40219.1
Project("{FAE04EC0-301F-11D3-BF4B-00C04F79EFBC}") = "Domain", "Domain\Domain.csproj", "{018369CC-0F7E-42DE-B2D9-570F1B6FB710}"
EndProject
Project("{FAE04EC0-301F-11D3-BF4B-00C04F79EFBC}") = "E7FRSAdvance", "E7FRSAdvance\E7FRSAdvance.csproj", "{AFAE7CE8-1EA7-4907-8F28-A16731FD7261}"
EndProject
Global
	GlobalSection(SolutionConfigurationPlatforms) = preSolution
		Debug|Any CPU = Debug|Any CPU
		Release|Any CPU = Release|Any CPU
	EndGlobalSection
	GlobalSection(ProjectConfigurationPlatforms) = postSolution
		{018369CC-0F7E-42DE-B2D9-570F1B6FB710}.Debug|Any CPU.ActiveCfg = Debug|Any CPU
		{018369CC-0F7E-42DE-B2D9-570F1B6FB710}.Debug|Any CPU.Build.0 = Debug|Any CPU
		{018369CC-0F7E-42DE-B2D9-570F1B6FB710}.Release|Any CPU.ActiveCfg = Release|Any CPU
		{018369CC-0F7E-42DE-B2D9-570F1B6FB710}.Release|Any CPU.Build.0 = Release|Any CPU
		{AFAE7CE8-1EA7-4907-8F28-A16731FD7261}.Debug|Any CPU.ActiveCfg = Debug|Any CPU
		{AFAE7CE8-1EA7-4907-8F28-A16731FD7261}.Debug|Any CPU.Build.0 = Debug|Any CPU
		{AFAE7CE8-1EA7-4907-8F28-A16731FD7261}.Release|Any CPU.ActiveCfg = Release|Any CPU
		{AFAE7CE8-1EA7-4907-8F28-A16731FD7261}.Release|Any CPU.Build.0 = Release|Any CPU
	EndGlobalSection
	GlobalSection(SolutionProperties) = preSolution
		HideSolutionNode = FALSE
	EndGlobalSection
	GlobalSection(ExtensibilityGlobals) = postSolution
		SolutionGuid = {69E39C2C-0F7D-44FC-A0C6-2F02C29E9819}
	EndGlobalSection
EndGlobal
